
Microsoft Visual Studio Solution File, Format Version 12.00
# Visual Studio 15
VisualStudioVersion = 15.0.27703.2018
MinimumVisualStudioVersion = 10.0.40219.1
Project("{FAE04EC0-301F-11D3-BF4B-00C04F79EFBC}") = "ConsoleApp3", "ConsoleApp3\ConsoleApp3.csproj", "{247D428F-E0D1-4847-BBD8-5A23EC43F5F0}"
EndProject
Global
	GlobalSection(SolutionConfigurationPlatforms) = preSolution
		Debug|Any CPU = Debug|Any CPU
		Release|Any CPU = Release|Any CPU
	EndGlobalSection
	GlobalSection(ProjectConfigurationPlatforms) = postSolution
		{247D428F-E0D1-4847-BBD8-5A23EC43F5F0}.Debug|Any CPU.ActiveCfg = Debug|Any CPU
		{247D428F-E0D1-4847-BBD8-5A23EC43F5F0}.Debug|Any CPU.Build.0 = Debug|Any CPU
		{247D428F-E0D1-4847-BBD8-5A23EC43F5F0}.Release|Any CPU.ActiveCfg = Release|Any CPU
		{247D428F-E0D1-4847-BBD8-5A23EC43F5F0}.Release|Any CPU.Build.0 = Release|Any CPU
	EndGlobalSection
	GlobalSection(SolutionProperties) = preSolution
		HideSolutionNode = FALSE
	EndGlobalSection
	GlobalSection(ExtensibilityGlobals) = postSolution
		SolutionGuid = {9FE71089-1D48-43EB-AFDB-AD5374E6A121}
	EndGlobalSection
EndGlobal
